
Microsoft Visual Studio Solution File, Format Version 12.00
# Visual Studio Version 17
VisualStudioVersion = 17.9.34728.123
MinimumVisualStudioVersion = 10.0.40219.1
Project("{9A19103F-16F7-4668-BE54-9A1E7A4F7556}") = "NewBankNet", "src\IO.Swagger\NewBankNet.csproj", "{8765413D-B73F-4994-AD82-E134F9505835}"
EndProject
Project("{FAE04EC0-301F-11D3-BF4B-00C04F79EFBC}") = "CalculateXUnit", "CalculateXUnit\CalculateXUnit.csproj", "{98EDED36-6C72-4E74-A875-F0E93E22CC9A}"
EndProject
Global
	GlobalSection(SolutionConfigurationPlatforms) = preSolution
		Debug|Any CPU = Debug|Any CPU
		Release|Any CPU = Release|Any CPU
	EndGlobalSection
	GlobalSection(ProjectConfigurationPlatforms) = postSolution
		{8765413D-B73F-4994-AD82-E134F9505835}.Debug|Any CPU.ActiveCfg = Debug|Any CPU
		{8765413D-B73F-4994-AD82-E134F9505835}.Debug|Any CPU.Build.0 = Debug|Any CPU
		{8765413D-B73F-4994-AD82-E134F9505835}.Release|Any CPU.ActiveCfg = Release|Any CPU
		{8765413D-B73F-4994-AD82-E134F9505835}.Release|Any CPU.Build.0 = Release|Any CPU
		{98EDED36-6C72-4E74-A875-F0E93E22CC9A}.Debug|Any CPU.ActiveCfg = Debug|Any CPU
		{98EDED36-6C72-4E74-A875-F0E93E22CC9A}.Debug|Any CPU.Build.0 = Debug|Any CPU
		{98EDED36-6C72-4E74-A875-F0E93E22CC9A}.Release|Any CPU.ActiveCfg = Release|Any CPU
		{98EDED36-6C72-4E74-A875-F0E93E22CC9A}.Release|Any CPU.Build.0 = Release|Any CPU
	EndGlobalSection
	GlobalSection(SolutionProperties) = preSolution
		HideSolutionNode = FALSE
	EndGlobalSection
	GlobalSection(ExtensibilityGlobals) = postSolution
		SolutionGuid = {3DAB4757-CA63-45EE-8096-8E9DACFDD132}
	EndGlobalSection
EndGlobal
